
Microsoft Visual Studio Solution File, Format Version 12.00
# Visual Studio Version 17
VisualStudioVersion = 17.5.001.0
MinimumVisualStudioVersion = 10.0.40219.1
Project("{9A19103F-16F7-4668-BE54-9A1E7A4F7556}") = "Task4", "Task4\Task4.csproj", "{33272209-5086-49A7-BD11-C3F16040E27C}"
EndProject
Project("{9A19103F-16F7-4668-BE54-9A1E7A4F7556}") = "Task2", "Task2\Task2.csproj", "{81F8CAC8-97C8-4E21-99C4-A9E12C827812}"
EndProject
Project("{9A19103F-16F7-4668-BE54-9A1E7A4F7556}") = "Task1", "Task1\Task1.csproj", "{3AC3A81D-910F-41A3-A8FA-24CA4DA01405}"
EndProject
Project("{9A19103F-16F7-4668-BE54-9A1E7A4F7556}") = "Task3", "Task3\Task3.csproj", "{CF889F1F-ECC0-4035-83D4-8DCC7C7E037A}"
EndProject
Global
	GlobalSection(SolutionConfigurationPlatforms) = preSolution
		Debug|Any CPU = Debug|Any CPU
		Release|Any CPU = Release|Any CPU
	EndGlobalSection
	GlobalSection(ProjectConfigurationPlatforms) = postSolution
		{33272209-5086-49A7-BD11-C3F16040E27C}.Debug|Any CPU.ActiveCfg = Debug|Any CPU
		{33272209-5086-49A7-BD11-C3F16040E27C}.Debug|Any CPU.Build.0 = Debug|Any CPU
		{33272209-5086-49A7-BD11-C3F16040E27C}.Release|Any CPU.ActiveCfg = Release|Any CPU
		{33272209-5086-49A7-BD11-C3F16040E27C}.Release|Any CPU.Build.0 = Release|Any CPU
		{81F8CAC8-97C8-4E21-99C4-A9E12C827812}.Debug|Any CPU.ActiveCfg = Debug|Any CPU
		{81F8CAC8-97C8-4E21-99C4-A9E12C827812}.Debug|Any CPU.Build.0 = Debug|Any CPU
		{81F8CAC8-97C8-4E21-99C4-A9E12C827812}.Release|Any CPU.ActiveCfg = Release|Any CPU
		{81F8CAC8-97C8-4E21-99C4-A9E12C827812}.Release|Any CPU.Build.0 = Release|Any CPU
		{3AC3A81D-910F-41A3-A8FA-24CA4DA01405}.Debug|Any CPU.ActiveCfg = Debug|Any CPU
		{3AC3A81D-910F-41A3-A8FA-24CA4DA01405}.Debug|Any CPU.Build.0 = Debug|Any CPU
		{3AC3A81D-910F-41A3-A8FA-24CA4DA01405}.Release|Any CPU.ActiveCfg = Release|Any CPU
		{3AC3A81D-910F-41A3-A8FA-24CA4DA01405}.Release|Any CPU.Build.0 = Release|Any CPU
		{CF889F1F-ECC0-4035-83D4-8DCC7C7E037A}.Debug|Any CPU.ActiveCfg = Debug|Any CPU
		{CF889F1F-ECC0-4035-83D4-8DCC7C7E037A}.Debug|Any CPU.Build.0 = Debug|Any CPU
		{CF889F1F-ECC0-4035-83D4-8DCC7C7E037A}.Release|Any CPU.ActiveCfg = Release|Any CPU
		{CF889F1F-ECC0-4035-83D4-8DCC7C7E037A}.Release|Any CPU.Build.0 = Release|Any CPU
	EndGlobalSection
	GlobalSection(SolutionProperties) = preSolution
		HideSolutionNode = FALSE
	EndGlobalSection
	GlobalSection(ExtensibilityGlobals) = postSolution
		SolutionGuid = {C268EF09-351F-4D54-91FA-3E18B86C5963}
	EndGlobalSection
EndGlobal
